// !$*UTF8*$!
{
	archiveVersion = 1;
	classes = {
	};
	objectVersion = 51;
	objects = {

/* Begin PBXBuildFile section */
		3C994256C8C1A6FFBF0E9572 /* Pods_Timer.framework in Frameworks */ = {isa = PBXBuildFile; fileRef = 6E893264AC50A0A294F2D04D /* Pods_Timer.framework */; };
		63171650242F91AF00BC4F7E /* RoutineEditorView.storyboard in Resources */ = {isa = PBXBuildFile; fileRef = 6317164F242F91AF00BC4F7E /* RoutineEditorView.storyboard */; };
		63171652242F991C00BC4F7E /* inputTextCell.swift in Sources */ = {isa = PBXBuildFile; fileRef = 63171651242F991C00BC4F7E /* inputTextCell.swift */; };
		63171659242FCC5900BC4F7E /* selectIntervalCell.swift in Sources */ = {isa = PBXBuildFile; fileRef = 63171658242FCC5900BC4F7E /* selectIntervalCell.swift */; };
		6317165B242FD65D00BC4F7E /* addNewCycleCell.swift in Sources */ = {isa = PBXBuildFile; fileRef = 6317165A242FD65D00BC4F7E /* addNewCycleCell.swift */; };
		6317165D242FE87900BC4F7E /* lowHighCell.swift in Sources */ = {isa = PBXBuildFile; fileRef = 6317165C242FE87900BC4F7E /* lowHighCell.swift */; };
		631B45A12438B46E008F61EB /* segmentController.swift in Sources */ = {isa = PBXBuildFile; fileRef = 631B45A02438B46E008F61EB /* segmentController.swift */; };
		631B45A32438B4A7008F61EB /* segmentCell.xib in Resources */ = {isa = PBXBuildFile; fileRef = 631B45A22438B4A7008F61EB /* segmentCell.xib */; };
		631C0C5D2433626F00C06AD2 /* mainCell.swift in Sources */ = {isa = PBXBuildFile; fileRef = 631C0C5C2433626F00C06AD2 /* mainCell.swift */; };
		631C0C632434ABC700C06AD2 /* IntervalEditorVC.swift in Sources */ = {isa = PBXBuildFile; fileRef = 631C0C622434ABC700C06AD2 /* IntervalEditorVC.swift */; };
		631C0C652434ABF700C06AD2 /* IntervalEditorVC.storyboard in Resources */ = {isa = PBXBuildFile; fileRef = 631C0C642434ABF700C06AD2 /* IntervalEditorVC.storyboard */; };
		631C0C672434AD1700C06AD2 /* basicLabelCell.xib in Resources */ = {isa = PBXBuildFile; fileRef = 631C0C662434AD1700C06AD2 /* basicLabelCell.xib */; };
		631C0C692434AD3200C06AD2 /* basicLabelCell.swift in Sources */ = {isa = PBXBuildFile; fileRef = 631C0C682434AD3200C06AD2 /* basicLabelCell.swift */; };
		631C0C6C2434B53500C06AD2 /* selectColorCell.swift in Sources */ = {isa = PBXBuildFile; fileRef = 631C0C6A2434B53500C06AD2 /* selectColorCell.swift */; };
		631C0C6D2434B53500C06AD2 /* selectColorCell.xib in Resources */ = {isa = PBXBuildFile; fileRef = 631C0C6B2434B53500C06AD2 /* selectColorCell.xib */; };
		631C0C702434EC6400C06AD2 /* basicRightLabelCell.swift in Sources */ = {isa = PBXBuildFile; fileRef = 631C0C6E2434EC6400C06AD2 /* basicRightLabelCell.swift */; };
		631C0C712434EC6400C06AD2 /* basicRightLabelCell.xib in Resources */ = {isa = PBXBuildFile; fileRef = 631C0C6F2434EC6400C06AD2 /* basicRightLabelCell.xib */; };
		631C0C73243520F900C06AD2 /* picker.swift in Sources */ = {isa = PBXBuildFile; fileRef = 631C0C72243520F900C06AD2 /* picker.swift */; };
		631C0C752435212900C06AD2 /* picker.xib in Resources */ = {isa = PBXBuildFile; fileRef = 631C0C742435212900C06AD2 /* picker.xib */; };
		631C0C772436983A00C06AD2 /* pickerData.swift in Sources */ = {isa = PBXBuildFile; fileRef = 631C0C762436983A00C06AD2 /* pickerData.swift */; };
		631C0C7A24369A8900C06AD2 /* soundPicker.swift in Sources */ = {isa = PBXBuildFile; fileRef = 631C0C7924369A8900C06AD2 /* soundPicker.swift */; };
		634608B32459F71E007F09AB /* PickerLabels.swift in Sources */ = {isa = PBXBuildFile; fileRef = 634608B22459F71E007F09AB /* PickerLabels.swift */; };
		634B9268242391CB00E82F66 /* RoutinesModel.swift in Sources */ = {isa = PBXBuildFile; fileRef = 634B9267242391CB00E82F66 /* RoutinesModel.swift */; };
		634B926E2423A07600E82F66 /* RoutineEditorController.swift in Sources */ = {isa = PBXBuildFile; fileRef = 634B926D2423A07600E82F66 /* RoutineEditorController.swift */; };
		634E5CFB2426689E0011B9ED /* PlayerController.swift in Sources */ = {isa = PBXBuildFile; fileRef = 634E5CFA2426689E0011B9ED /* PlayerController.swift */; };
		634E5CFD242668AB0011B9ED /* PlayerView.storyboard in Resources */ = {isa = PBXBuildFile; fileRef = 634E5CFC242668AB0011B9ED /* PlayerView.storyboard */; };
		634E5D032426944D0011B9ED /* routineTotalTime.swift in Sources */ = {isa = PBXBuildFile; fileRef = 634E5D022426944D0011B9ED /* routineTotalTime.swift */; };
		638E96C1242C01C300A8626C /* blank.wav in Resources */ = {isa = PBXBuildFile; fileRef = 638E96C0242C01C300A8626C /* blank.wav */; };
		63911E24244E262C009C184A /* Reachability.swift in Sources */ = {isa = PBXBuildFile; fileRef = 63911E23244E262C009C184A /* Reachability.swift */; };
		63911E26244E3E7F009C184A /* SubscribeAlert.swift in Sources */ = {isa = PBXBuildFile; fileRef = 63911E25244E3E7F009C184A /* SubscribeAlert.swift */; };
		63B24DA92445444B00EC48F3 /* Train Whistle.mp3 in Resources */ = {isa = PBXBuildFile; fileRef = 63B24D992445444200EC48F3 /* Train Whistle.mp3 */; };
		63B24DAA2445444B00EC48F3 /* Alarm.mp3 in Resources */ = {isa = PBXBuildFile; fileRef = 63B24D9A2445444200EC48F3 /* Alarm.mp3 */; };
		63B24DAB2445444B00EC48F3 /* Train Horn.mp3 in Resources */ = {isa = PBXBuildFile; fileRef = 63B24D9B2445444300EC48F3 /* Train Horn.mp3 */; };
		63B24DAC2445444B00EC48F3 /* Ding.mp3 in Resources */ = {isa = PBXBuildFile; fileRef = 63B24D9C2445444300EC48F3 /* Ding.mp3 */; };
		63B24DAD2445444B00EC48F3 /* Watch Alarm.mp3 in Resources */ = {isa = PBXBuildFile; fileRef = 63B24D9D2445444400EC48F3 /* Watch Alarm.mp3 */; };
		63B24DAE2445444B00EC48F3 /* Train Honk.mp3 in Resources */ = {isa = PBXBuildFile; fileRef = 63B24D9E2445444400EC48F3 /* Train Honk.mp3 */; };
		63B24DAF2445444B00EC48F3 /* Church Bell.mp3 in Resources */ = {isa = PBXBuildFile; fileRef = 63B24D9F2445444500EC48F3 /* Church Bell.mp3 */; };
		63B24DB02445444B00EC48F3 /* Keys Clinging.mp3 in Resources */ = {isa = PBXBuildFile; fileRef = 63B24DA02445444500EC48F3 /* Keys Clinging.mp3 */; };
		63B24DB12445444B00EC48F3 /* Completed.mp3 in Resources */ = {isa = PBXBuildFile; fileRef = 63B24DA12445444600EC48F3 /* Completed.mp3 */; };
		63B24DB22445444B00EC48F3 /* Foghorn.mp3 in Resources */ = {isa = PBXBuildFile; fileRef = 63B24DA22445444700EC48F3 /* Foghorn.mp3 */; };
		63B24DB32445444B00EC48F3 /* Pencil Check.mp3 in Resources */ = {isa = PBXBuildFile; fileRef = 63B24DA32445444700EC48F3 /* Pencil Check.mp3 */; };
		63B24DB42445444B00EC48F3 /* Phone Vibration.mp3 in Resources */ = {isa = PBXBuildFile; fileRef = 63B24DA42445444800EC48F3 /* Phone Vibration.mp3 */; };
		63B24DB52445444B00EC48F3 /* Bell.mp3 in Resources */ = {isa = PBXBuildFile; fileRef = 63B24DA52445444900EC48F3 /* Bell.mp3 */; };
		63B24DB62445444C00EC48F3 /* Police Siren.mp3 in Resources */ = {isa = PBXBuildFile; fileRef = 63B24DA62445444A00EC48F3 /* Police Siren.mp3 */; };
		63B24DB82445444C00EC48F3 /* Air Horn.mp3 in Resources */ = {isa = PBXBuildFile; fileRef = 63B24DA82445444B00EC48F3 /* Air Horn.mp3 */; };
		63B24DBD244615AF00EC48F3 /* FormSettingView.storyboard in Resources */ = {isa = PBXBuildFile; fileRef = 63B24DBC244615AF00EC48F3 /* FormSettingView.storyboard */; };
		63B24DBF244615DF00EC48F3 /* FormSettingVC.swift in Sources */ = {isa = PBXBuildFile; fileRef = 63B24DBE244615DF00EC48F3 /* FormSettingVC.swift */; };
		63B24DC124461C1A00EC48F3 /* FormSettingModel.swift in Sources */ = {isa = PBXBuildFile; fileRef = 63B24DC024461C1A00EC48F3 /* FormSettingModel.swift */; };
		63B61E7A242788C300CDAD88 /* Globals.swift in Sources */ = {isa = PBXBuildFile; fileRef = 63B61E79242788C300CDAD88 /* Globals.swift */; };
		63B61E7C2427A14200CDAD88 /* PlayerModel.swift in Sources */ = {isa = PBXBuildFile; fileRef = 63B61E7B2427A14200CDAD88 /* PlayerModel.swift */; };
		63B8589324314C7C007FF6AA /* switchCell.swift in Sources */ = {isa = PBXBuildFile; fileRef = 63B8589224314C7C007FF6AA /* switchCell.swift */; };
		63BBDF9E2449067900D1AB69 /* DarkModeEnable.swift in Sources */ = {isa = PBXBuildFile; fileRef = 63BBDF9D2449067900D1AB69 /* DarkModeEnable.swift */; };
		63BBDFA724490BF000D1AB69 /* SubscribeViewController.swift in Sources */ = {isa = PBXBuildFile; fileRef = 63BBDFA624490BF000D1AB69 /* SubscribeViewController.swift */; };
		63BBDFA924490BFF00D1AB69 /* SubscribeView.storyboard in Resources */ = {isa = PBXBuildFile; fileRef = 63BBDFA824490BFF00D1AB69 /* SubscribeView.storyboard */; };
		63BBDFAB2449126B00D1AB69 /* SubscribeModel.swift in Sources */ = {isa = PBXBuildFile; fileRef = 63BBDFAA2449126B00D1AB69 /* SubscribeModel.swift */; };
		63BBDFAD2449160500D1AB69 /* NetworkActivityIndicatorManager.swift in Sources */ = {isa = PBXBuildFile; fileRef = 63BBDFAC2449160500D1AB69 /* NetworkActivityIndicatorManager.swift */; };
		63BBDFAF2449192A00D1AB69 /* textCellView.xib in Resources */ = {isa = PBXBuildFile; fileRef = 63BBDFAE2449192A00D1AB69 /* textCellView.xib */; };
		63BBDFB1244919A500D1AB69 /* textCellVCTableViewCell.swift in Sources */ = {isa = PBXBuildFile; fileRef = 63BBDFB0244919A500D1AB69 /* textCellVCTableViewCell.swift */; };
		63BBDFB72449FEA700D1AB69 /* SubscribeGlobals.swift in Sources */ = {isa = PBXBuildFile; fileRef = 63BBDFB62449FEA700D1AB69 /* SubscribeGlobals.swift */; };
		63BBDFB9244A0BA000D1AB69 /* SubscribeCellView.xib in Resources */ = {isa = PBXBuildFile; fileRef = 63BBDFB8244A0BA000D1AB69 /* SubscribeCellView.xib */; };
		63BBDFBB244A0CF400D1AB69 /* SubscribeCellVC.swift in Sources */ = {isa = PBXBuildFile; fileRef = 63BBDFBA244A0CF400D1AB69 /* SubscribeCellVC.swift */; };
		63BC9AA02422E8960010C81F /* SettingView.storyboard in Resources */ = {isa = PBXBuildFile; fileRef = 63BC9A9F2422E8960010C81F /* SettingView.storyboard */; };
		63BC9AA22422F1B10010C81F /* SettingsController.swift in Sources */ = {isa = PBXBuildFile; fileRef = 63BC9AA12422F1B10010C81F /* SettingsController.swift */; };
		63BC9AA42422FAEA0010C81F /* RoutinesController.swift in Sources */ = {isa = PBXBuildFile; fileRef = 63BC9AA32422FAEA0010C81F /* RoutinesController.swift */; };
		63BC9AAA2422FD8A0010C81F /* Country.swift in Sources */ = {isa = PBXBuildFile; fileRef = 63BC9AA92422FD8A0010C81F /* Country.swift */; };
		63C7CCB42422C0B200960513 /* AppDelegate.swift in Sources */ = {isa = PBXBuildFile; fileRef = 63C7CCB32422C0B200960513 /* AppDelegate.swift */; };
		63C7CCB62422C0B200960513 /* SceneDelegate.swift in Sources */ = {isa = PBXBuildFile; fileRef = 63C7CCB52422C0B200960513 /* SceneDelegate.swift */; };
		63C7CCBB2422C0B200960513 /* Main.storyboard in Resources */ = {isa = PBXBuildFile; fileRef = 63C7CCB92422C0B200960513 /* Main.storyboard */; };
		63C7CCBE2422C0B200960513 /* Timer.xcdatamodeld in Sources */ = {isa = PBXBuildFile; fileRef = 63C7CCBC2422C0B200960513 /* Timer.xcdatamodeld */; };
		63C7CCC02422C0B700960513 /* Assets.xcassets in Resources */ = {isa = PBXBuildFile; fileRef = 63C7CCBF2422C0B700960513 /* Assets.xcassets */; };
		63C7CCC32422C0B700960513 /* LaunchScreen.storyboard in Resources */ = {isa = PBXBuildFile; fileRef = 63C7CCC12422C0B700960513 /* LaunchScreen.storyboard */; };
		63C7CCCE2422C0B700960513 /* TimerTests.swift in Sources */ = {isa = PBXBuildFile; fileRef = 63C7CCCD2422C0B700960513 /* TimerTests.swift */; };
		63C7CCD92422C0B700960513 /* TimerUITests.swift in Sources */ = {isa = PBXBuildFile; fileRef = 63C7CCD82422C0B700960513 /* TimerUITests.swift */; };
		63E76E402425206700AA6814 /* RoutineCell.swift in Sources */ = {isa = PBXBuildFile; fileRef = 63E76E3F2425206700AA6814 /* RoutineCell.swift */; };
		63EEB01124412DCB0013B5A6 /* SaveRoutine.swift in Sources */ = {isa = PBXBuildFile; fileRef = 63EEB01024412DCB0013B5A6 /* SaveRoutine.swift */; };
		C4CF13EFB72D343B39504771 /* Pods_Timer_TimerUITests.framework in Frameworks */ = {isa = PBXBuildFile; fileRef = A5E7E89F825F2BF9852C1448 /* Pods_Timer_TimerUITests.framework */; };
		D09765643DB15C07FF65C05C /* Pods_TimerTests.framework in Frameworks */ = {isa = PBXBuildFile; fileRef = 43FC5C97EFD85B66AA8E4E9A /* Pods_TimerTests.framework */; };
/* End PBXBuildFile section */

/* Begin PBXContainerItemProxy section */
		63C7CCCA2422C0B700960513 /* PBXContainerItemProxy */ = {
			isa = PBXContainerItemProxy;
			containerPortal = 63C7CCA82422C0B200960513 /* Project object */;
			proxyType = 1;
			remoteGlobalIDString = 63C7CCAF2422C0B200960513;
			remoteInfo = Timer;
		};
		63C7CCD52422C0B700960513 /* PBXContainerItemProxy */ = {
			isa = PBXContainerItemProxy;
			containerPortal = 63C7CCA82422C0B200960513 /* Project object */;
			proxyType = 1;
			remoteGlobalIDString = 63C7CCAF2422C0B200960513;
			remoteInfo = Timer;
		};
/* End PBXContainerItemProxy section */

/* Begin PBXFileReference section */
		01542F25AF983431D699ECD2 /* Pods-TimerTests.release.xcconfig */ = {isa = PBXFileReference; includeInIndex = 1; lastKnownFileType = text.xcconfig; name = "Pods-TimerTests.release.xcconfig"; path = "Target Support Files/Pods-TimerTests/Pods-TimerTests.release.xcconfig"; sourceTree = "<group>"; };
		18133236CC651C4F17A218CD /* Pods-Timer-TimerUITests.release.xcconfig */ = {isa = PBXFileReference; includeInIndex = 1; lastKnownFileType = text.xcconfig; name = "Pods-Timer-TimerUITests.release.xcconfig"; path = "Target Support Files/Pods-Timer-TimerUITests/Pods-Timer-TimerUITests.release.xcconfig"; sourceTree = "<group>"; };
		43FC5C97EFD85B66AA8E4E9A /* Pods_TimerTests.framework */ = {isa = PBXFileReference; explicitFileType = wrapper.framework; includeInIndex = 0; path = Pods_TimerTests.framework; sourceTree = BUILT_PRODUCTS_DIR; };
		5B931BB92E8FCFA1ED956800 /* Pods-Timer.release.xcconfig */ = {isa = PBXFileReference; includeInIndex = 1; lastKnownFileType = text.xcconfig; name = "Pods-Timer.release.xcconfig"; path = "Target Support Files/Pods-Timer/Pods-Timer.release.xcconfig"; sourceTree = "<group>"; };
		6317164F242F91AF00BC4F7E /* RoutineEditorView.storyboard */ = {isa = PBXFileReference; lastKnownFileType = file.storyboard; path = RoutineEditorView.storyboard; sourceTree = "<group>"; };
		63171651242F991C00BC4F7E /* inputTextCell.swift */ = {isa = PBXFileReference; lastKnownFileType = sourcecode.swift; path = inputTextCell.swift; sourceTree = "<group>"; };
		63171658242FCC5900BC4F7E /* selectIntervalCell.swift */ = {isa = PBXFileReference; lastKnownFileType = sourcecode.swift; path = selectIntervalCell.swift; sourceTree = "<group>"; };
		6317165A242FD65D00BC4F7E /* addNewCycleCell.swift */ = {isa = PBXFileReference; lastKnownFileType = sourcecode.swift; path = addNewCycleCell.swift; sourceTree = "<group>"; };
		6317165C242FE87900BC4F7E /* lowHighCell.swift */ = {isa = PBXFileReference; lastKnownFileType = sourcecode.swift; path = lowHighCell.swift; sourceTree = "<group>"; };
		631B45A02438B46E008F61EB /* segmentController.swift */ = {isa = PBXFileReference; lastKnownFileType = sourcecode.swift; path = segmentController.swift; sourceTree = "<group>"; };
		631B45A22438B4A7008F61EB /* segmentCell.xib */ = {isa = PBXFileReference; lastKnownFileType = file.xib; path = segmentCell.xib; sourceTree = "<group>"; };
		631C0C5C2433626F00C06AD2 /* mainCell.swift */ = {isa = PBXFileReference; lastKnownFileType = sourcecode.swift; path = mainCell.swift; sourceTree = "<group>"; };
		631C0C622434ABC700C06AD2 /* IntervalEditorVC.swift */ = {isa = PBXFileReference; lastKnownFileType = sourcecode.swift; path = IntervalEditorVC.swift; sourceTree = "<group>"; };
		631C0C642434ABF700C06AD2 /* IntervalEditorVC.storyboard */ = {isa = PBXFileReference; lastKnownFileType = file.storyboard; path = IntervalEditorVC.storyboard; sourceTree = "<group>"; };
		631C0C662434AD1700C06AD2 /* basicLabelCell.xib */ = {isa = PBXFileReference; lastKnownFileType = file.xib; path = basicLabelCell.xib; sourceTree = "<group>"; };
		631C0C682434AD3200C06AD2 /* basicLabelCell.swift */ = {isa = PBXFileReference; lastKnownFileType = sourcecode.swift; path = basicLabelCell.swift; sourceTree = "<group>"; };
		631C0C6A2434B53500C06AD2 /* selectColorCell.swift */ = {isa = PBXFileReference; lastKnownFileType = sourcecode.swift; path = selectColorCell.swift; sourceTree = "<group>"; };
		631C0C6B2434B53500C06AD2 /* selectColorCell.xib */ = {isa = PBXFileReference; lastKnownFileType = file.xib; path = selectColorCell.xib; sourceTree = "<group>"; };
		631C0C6E2434EC6400C06AD2 /* basicRightLabelCell.swift */ = {isa = PBXFileReference; lastKnownFileType = sourcecode.swift; path = basicRightLabelCell.swift; sourceTree = "<group>"; };
		631C0C6F2434EC6400C06AD2 /* basicRightLabelCell.xib */ = {isa = PBXFileReference; lastKnownFileType = file.xib; path = basicRightLabelCell.xib; sourceTree = "<group>"; };
		631C0C72243520F900C06AD2 /* picker.swift */ = {isa = PBXFileReference; lastKnownFileType = sourcecode.swift; path = picker.swift; sourceTree = "<group>"; };
		631C0C742435212900C06AD2 /* picker.xib */ = {isa = PBXFileReference; lastKnownFileType = file.xib; path = picker.xib; sourceTree = "<group>"; };
		631C0C762436983A00C06AD2 /* pickerData.swift */ = {isa = PBXFileReference; lastKnownFileType = sourcecode.swift; path = pickerData.swift; sourceTree = "<group>"; };
		631C0C7924369A8900C06AD2 /* soundPicker.swift */ = {isa = PBXFileReference; lastKnownFileType = sourcecode.swift; path = soundPicker.swift; sourceTree = "<group>"; };
		634608B22459F71E007F09AB /* PickerLabels.swift */ = {isa = PBXFileReference; lastKnownFileType = sourcecode.swift; path = PickerLabels.swift; sourceTree = "<group>"; };
		634B9267242391CB00E82F66 /* RoutinesModel.swift */ = {isa = PBXFileReference; lastKnownFileType = sourcecode.swift; path = RoutinesModel.swift; sourceTree = "<group>"; };
		634B926D2423A07600E82F66 /* RoutineEditorController.swift */ = {isa = PBXFileReference; lastKnownFileType = sourcecode.swift; path = RoutineEditorController.swift; sourceTree = "<group>"; };
		634E5CFA2426689E0011B9ED /* PlayerController.swift */ = {isa = PBXFileReference; lastKnownFileType = sourcecode.swift; path = PlayerController.swift; sourceTree = "<group>"; };
		634E5CFC242668AB0011B9ED /* PlayerView.storyboard */ = {isa = PBXFileReference; lastKnownFileType = file.storyboard; path = PlayerView.storyboard; sourceTree = "<group>"; };
		634E5D022426944D0011B9ED /* routineTotalTime.swift */ = {isa = PBXFileReference; lastKnownFileType = sourcecode.swift; path = routineTotalTime.swift; sourceTree = "<group>"; };
		638E96C0242C01C300A8626C /* blank.wav */ = {isa = PBXFileReference; lastKnownFileType = audio.wav; path = blank.wav; sourceTree = "<group>"; };
		638E96C3242C04BF00A8626C /* test.aif */ = {isa = PBXFileReference; lastKnownFileType = file; path = test.aif; sourceTree = "<group>"; };
		63911E23244E262C009C184A /* Reachability.swift */ = {isa = PBXFileReference; lastKnownFileType = sourcecode.swift; path = Reachability.swift; sourceTree = "<group>"; };
		63911E25244E3E7F009C184A /* SubscribeAlert.swift */ = {isa = PBXFileReference; lastKnownFileType = sourcecode.swift; path = SubscribeAlert.swift; sourceTree = "<group>"; };
		63B24D992445444200EC48F3 /* Train Whistle.mp3 */ = {isa = PBXFileReference; lastKnownFileType = audio.mp3; path = "Train Whistle.mp3"; sourceTree = "<group>"; };
		63B24D9A2445444200EC48F3 /* Alarm.mp3 */ = {isa = PBXFileReference; lastKnownFileType = audio.mp3; path = Alarm.mp3; sourceTree = "<group>"; };
		63B24D9B2445444300EC48F3 /* Train Horn.mp3 */ = {isa = PBXFileReference; lastKnownFileType = audio.mp3; path = "Train Horn.mp3"; sourceTree = "<group>"; };
		63B24D9C2445444300EC48F3 /* Ding.mp3 */ = {isa = PBXFileReference; lastKnownFileType = audio.mp3; path = Ding.mp3; sourceTree = "<group>"; };
		63B24D9D2445444400EC48F3 /* Watch Alarm.mp3 */ = {isa = PBXFileReference; lastKnownFileType = audio.mp3; path = "Watch Alarm.mp3"; sourceTree = "<group>"; };
		63B24D9E2445444400EC48F3 /* Train Honk.mp3 */ = {isa = PBXFileReference; lastKnownFileType = audio.mp3; path = "Train Honk.mp3"; sourceTree = "<group>"; };
		63B24D9F2445444500EC48F3 /* Church Bell.mp3 */ = {isa = PBXFileReference; lastKnownFileType = audio.mp3; path = "Church Bell.mp3"; sourceTree = "<group>"; };
		63B24DA02445444500EC48F3 /* Keys Clinging.mp3 */ = {isa = PBXFileReference; lastKnownFileType = audio.mp3; path = "Keys Clinging.mp3"; sourceTree = "<group>"; };
		63B24DA12445444600EC48F3 /* Completed.mp3 */ = {isa = PBXFileReference; lastKnownFileType = audio.mp3; path = Completed.mp3; sourceTree = "<group>"; };
		63B24DA22445444700EC48F3 /* Foghorn.mp3 */ = {isa = PBXFileReference; lastKnownFileType = audio.mp3; path = Foghorn.mp3; sourceTree = "<group>"; };
		63B24DA32445444700EC48F3 /* Pencil Check.mp3 */ = {isa = PBXFileReference; lastKnownFileType = audio.mp3; path = "Pencil Check.mp3"; sourceTree = "<group>"; };
		63B24DA42445444800EC48F3 /* Phone Vibration.mp3 */ = {isa = PBXFileReference; lastKnownFileType = audio.mp3; path = "Phone Vibration.mp3"; sourceTree = "<group>"; };
		63B24DA52445444900EC48F3 /* Bell.mp3 */ = {isa = PBXFileReference; lastKnownFileType = audio.mp3; path = Bell.mp3; sourceTree = "<group>"; };
		63B24DA62445444A00EC48F3 /* Police Siren.mp3 */ = {isa = PBXFileReference; lastKnownFileType = audio.mp3; path = "Police Siren.mp3"; sourceTree = "<group>"; };
		63B24DA82445444B00EC48F3 /* Air Horn.mp3 */ = {isa = PBXFileReference; lastKnownFileType = audio.mp3; path = "Air Horn.mp3"; sourceTree = "<group>"; };
		63B24DBC244615AF00EC48F3 /* FormSettingView.storyboard */ = {isa = PBXFileReference; lastKnownFileType = file.storyboard; path = FormSettingView.storyboard; sourceTree = "<group>"; };
		63B24DBE244615DF00EC48F3 /* FormSettingVC.swift */ = {isa = PBXFileReference; lastKnownFileType = sourcecode.swift; path = FormSettingVC.swift; sourceTree = "<group>"; };
		63B24DC024461C1A00EC48F3 /* FormSettingModel.swift */ = {isa = PBXFileReference; lastKnownFileType = sourcecode.swift; path = FormSettingModel.swift; sourceTree = "<group>"; };
		63B61E79242788C300CDAD88 /* Globals.swift */ = {isa = PBXFileReference; lastKnownFileType = sourcecode.swift; path = Globals.swift; sourceTree = "<group>"; };
		63B61E7B2427A14200CDAD88 /* PlayerModel.swift */ = {isa = PBXFileReference; lastKnownFileType = sourcecode.swift; path = PlayerModel.swift; sourceTree = "<group>"; };
		63B8589224314C7C007FF6AA /* switchCell.swift */ = {isa = PBXFileReference; lastKnownFileType = sourcecode.swift; path = switchCell.swift; sourceTree = "<group>"; };
		63BBDF9D2449067900D1AB69 /* DarkModeEnable.swift */ = {isa = PBXFileReference; lastKnownFileType = sourcecode.swift; path = DarkModeEnable.swift; sourceTree = "<group>"; };
		63BBDFA624490BF000D1AB69 /* SubscribeViewController.swift */ = {isa = PBXFileReference; lastKnownFileType = sourcecode.swift; path = SubscribeViewController.swift; sourceTree = "<group>"; };
		63BBDFA824490BFF00D1AB69 /* SubscribeView.storyboard */ = {isa = PBXFileReference; lastKnownFileType = file.storyboard; path = SubscribeView.storyboard; sourceTree = "<group>"; };
		63BBDFAA2449126B00D1AB69 /* SubscribeModel.swift */ = {isa = PBXFileReference; lastKnownFileType = sourcecode.swift; path = SubscribeModel.swift; sourceTree = "<group>"; };
		63BBDFAC2449160500D1AB69 /* NetworkActivityIndicatorManager.swift */ = {isa = PBXFileReference; fileEncoding = 4; lastKnownFileType = sourcecode.swift; path = NetworkActivityIndicatorManager.swift; sourceTree = "<group>"; };
		63BBDFAE2449192A00D1AB69 /* textCellView.xib */ = {isa = PBXFileReference; lastKnownFileType = file.xib; path = textCellView.xib; sourceTree = "<group>"; };
		63BBDFB0244919A500D1AB69 /* textCellVCTableViewCell.swift */ = {isa = PBXFileReference; lastKnownFileType = sourcecode.swift; path = textCellVCTableViewCell.swift; sourceTree = "<group>"; };
		63BBDFB62449FEA700D1AB69 /* SubscribeGlobals.swift */ = {isa = PBXFileReference; lastKnownFileType = sourcecode.swift; path = SubscribeGlobals.swift; sourceTree = "<group>"; };
		63BBDFB8244A0BA000D1AB69 /* SubscribeCellView.xib */ = {isa = PBXFileReference; lastKnownFileType = file.xib; path = SubscribeCellView.xib; sourceTree = "<group>"; };
		63BBDFBA244A0CF400D1AB69 /* SubscribeCellVC.swift */ = {isa = PBXFileReference; lastKnownFileType = sourcecode.swift; path = SubscribeCellVC.swift; sourceTree = "<group>"; };
		63BC9A9F2422E8960010C81F /* SettingView.storyboard */ = {isa = PBXFileReference; lastKnownFileType = file.storyboard; path = SettingView.storyboard; sourceTree = "<group>"; };
		63BC9AA12422F1B10010C81F /* SettingsController.swift */ = {isa = PBXFileReference; lastKnownFileType = sourcecode.swift; path = SettingsController.swift; sourceTree = "<group>"; };
		63BC9AA32422FAEA0010C81F /* RoutinesController.swift */ = {isa = PBXFileReference; lastKnownFileType = sourcecode.swift; path = RoutinesController.swift; sourceTree = "<group>"; };
		63BC9AA92422FD8A0010C81F /* Country.swift */ = {isa = PBXFileReference; lastKnownFileType = sourcecode.swift; path = Country.swift; sourceTree = "<group>"; };
		63C7CCB02422C0B200960513 /* Interval Timer.app */ = {isa = PBXFileReference; explicitFileType = wrapper.application; includeInIndex = 0; path = "Interval Timer.app"; sourceTree = BUILT_PRODUCTS_DIR; };
		63C7CCB32422C0B200960513 /* AppDelegate.swift */ = {isa = PBXFileReference; lastKnownFileType = sourcecode.swift; path = AppDelegate.swift; sourceTree = "<group>"; };
		63C7CCB52422C0B200960513 /* SceneDelegate.swift */ = {isa = PBXFileReference; lastKnownFileType = sourcecode.swift; path = SceneDelegate.swift; sourceTree = "<group>"; };
		63C7CCBA2422C0B200960513 /* Base */ = {isa = PBXFileReference; lastKnownFileType = file.storyboard; name = Base; path = Base.lproj/Main.storyboard; sourceTree = "<group>"; };
		63C7CCBD2422C0B200960513 /* Timer.xcdatamodel */ = {isa = PBXFileReference; lastKnownFileType = wrapper.xcdatamodel; path = Timer.xcdatamodel; sourceTree = "<group>"; };
		63C7CCBF2422C0B700960513 /* Assets.xcassets */ = {isa = PBXFileReference; lastKnownFileType = folder.assetcatalog; path = Assets.xcassets; sourceTree = "<group>"; };
		63C7CCC22422C0B700960513 /* Base */ = {isa = PBXFileReference; lastKnownFileType = file.storyboard; name = Base; path = Base.lproj/LaunchScreen.storyboard; sourceTree = "<group>"; };
		63C7CCC42422C0B700960513 /* Info.plist */ = {isa = PBXFileReference; lastKnownFileType = text.plist.xml; path = Info.plist; sourceTree = "<group>"; };
		63C7CCC92422C0B700960513 /* TimerTests.xctest */ = {isa = PBXFileReference; explicitFileType = wrapper.cfbundle; includeInIndex = 0; path = TimerTests.xctest; sourceTree = BUILT_PRODUCTS_DIR; };
		63C7CCCD2422C0B700960513 /* TimerTests.swift */ = {isa = PBXFileReference; lastKnownFileType = sourcecode.swift; path = TimerTests.swift; sourceTree = "<group>"; };
		63C7CCCF2422C0B700960513 /* Info.plist */ = {isa = PBXFileReference; lastKnownFileType = text.plist.xml; path = Info.plist; sourceTree = "<group>"; };
		63C7CCD42422C0B700960513 /* TimerUITests.xctest */ = {isa = PBXFileReference; explicitFileType = wrapper.cfbundle; includeInIndex = 0; path = TimerUITests.xctest; sourceTree = BUILT_PRODUCTS_DIR; };
		63C7CCD82422C0B700960513 /* TimerUITests.swift */ = {isa = PBXFileReference; lastKnownFileType = sourcecode.swift; path = TimerUITests.swift; sourceTree = "<group>"; };
		63C7CCDA2422C0B700960513 /* Info.plist */ = {isa = PBXFileReference; lastKnownFileType = text.plist.xml; path = Info.plist; sourceTree = "<group>"; };
		63DCE2EE2451B87800DDDDA6 /* Timer2.xcdatamodel */ = {isa = PBXFileReference; lastKnownFileType = wrapper.xcdatamodel; path = Timer2.xcdatamodel; sourceTree = "<group>"; };
		63E76E3F2425206700AA6814 /* RoutineCell.swift */ = {isa = PBXFileReference; lastKnownFileType = sourcecode.swift; path = RoutineCell.swift; sourceTree = "<group>"; };
		63EEB01024412DCB0013B5A6 /* SaveRoutine.swift */ = {isa = PBXFileReference; lastKnownFileType = sourcecode.swift; path = SaveRoutine.swift; sourceTree = "<group>"; };
		6E893264AC50A0A294F2D04D /* Pods_Timer.framework */ = {isa = PBXFileReference; explicitFileType = wrapper.framework; includeInIndex = 0; path = Pods_Timer.framework; sourceTree = BUILT_PRODUCTS_DIR; };
		A5E7E89F825F2BF9852C1448 /* Pods_Timer_TimerUITests.framework */ = {isa = PBXFileReference; explicitFileType = wrapper.framework; includeInIndex = 0; path = Pods_Timer_TimerUITests.framework; sourceTree = BUILT_PRODUCTS_DIR; };
		A7410C30DD56E76FE702495A /* Pods-Timer.debug.xcconfig */ = {isa = PBXFileReference; includeInIndex = 1; lastKnownFileType = text.xcconfig; name = "Pods-Timer.debug.xcconfig"; path = "Target Support Files/Pods-Timer/Pods-Timer.debug.xcconfig"; sourceTree = "<group>"; };
		D800E09DACF661C297CB82F3 /* Pods-Timer-TimerUITests.debug.xcconfig */ = {isa = PBXFileReference; includeInIndex = 1; lastKnownFileType = text.xcconfig; name = "Pods-Timer-TimerUITests.debug.xcconfig"; path = "Target Support Files/Pods-Timer-TimerUITests/Pods-Timer-TimerUITests.debug.xcconfig"; sourceTree = "<group>"; };
		F86F9CEA59E4931E17E97FAF /* Pods-TimerTests.debug.xcconfig */ = {isa = PBXFileReference; includeInIndex = 1; lastKnownFileType = text.xcconfig; name = "Pods-TimerTests.debug.xcconfig"; path = "Target Support Files/Pods-TimerTests/Pods-TimerTests.debug.xcconfig"; sourceTree = "<group>"; };
/* End PBXFileReference section */

/* Begin PBXFrameworksBuildPhase section */
		63C7CCAD2422C0B200960513 /* Frameworks */ = {
			isa = PBXFrameworksBuildPhase;
			buildActionMask = 2147483647;
			files = (
				3C994256C8C1A6FFBF0E9572 /* Pods_Timer.framework in Frameworks */,
			);
			runOnlyForDeploymentPostprocessing = 0;
		};
		63C7CCC62422C0B700960513 /* Frameworks */ = {
			isa = PBXFrameworksBuildPhase;
			buildActionMask = 2147483647;
			files = (
				D09765643DB15C07FF65C05C /* Pods_TimerTests.framework in Frameworks */,
			);
			runOnlyForDeploymentPostprocessing = 0;
		};
		63C7CCD12422C0B700960513 /* Frameworks */ = {
			isa = PBXFrameworksBuildPhase;
			buildActionMask = 2147483647;
			files = (
				C4CF13EFB72D343B39504771 /* Pods_Timer_TimerUITests.framework in Frameworks */,
			);
			runOnlyForDeploymentPostprocessing = 0;
		};
/* End PBXFrameworksBuildPhase section */

/* Begin PBXGroup section */
		1DC3729AFC98D2FDE0E48DFC /* Pods */ = {
			isa = PBXGroup;
			children = (
				A7410C30DD56E76FE702495A /* Pods-Timer.debug.xcconfig */,
				5B931BB92E8FCFA1ED956800 /* Pods-Timer.release.xcconfig */,
				D800E09DACF661C297CB82F3 /* Pods-Timer-TimerUITests.debug.xcconfig */,
				18133236CC651C4F17A218CD /* Pods-Timer-TimerUITests.release.xcconfig */,
				F86F9CEA59E4931E17E97FAF /* Pods-TimerTests.debug.xcconfig */,
				01542F25AF983431D699ECD2 /* Pods-TimerTests.release.xcconfig */,
			);
			path = Pods;
			sourceTree = "<group>";
		};
		631C0C5E2434AB8200C06AD2 /* Interval Editor */ = {
			isa = PBXGroup;
			children = (
				631C0C612434ABA700C06AD2 /* Model */,
				631C0C602434AB9E00C06AD2 /* View */,
				631C0C5F2434AB9700C06AD2 /* Controller */,
			);
			path = "Interval Editor";
			sourceTree = "<group>";
		};
		631C0C5F2434AB9700C06AD2 /* Controller */ = {
			isa = PBXGroup;
			children = (
				631C0C622434ABC700C06AD2 /* IntervalEditorVC.swift */,
				631C0C682434AD3200C06AD2 /* basicLabelCell.swift */,
				631C0C6A2434B53500C06AD2 /* selectColorCell.swift */,
				631C0C6E2434EC6400C06AD2 /* basicRightLabelCell.swift */,
				631C0C72243520F900C06AD2 /* picker.swift */,
				631C0C7924369A8900C06AD2 /* soundPicker.swift */,
				631B45A02438B46E008F61EB /* segmentController.swift */,
			);
			path = Controller;
			sourceTree = "<group>";
		};
		631C0C602434AB9E00C06AD2 /* View */ = {
			isa = PBXGroup;
			children = (
				631C0C642434ABF700C06AD2 /* IntervalEditorVC.storyboard */,
				631C0C662434AD1700C06AD2 /* basicLabelCell.xib */,
				631C0C6B2434B53500C06AD2 /* selectColorCell.xib */,
				631C0C6F2434EC6400C06AD2 /* basicRightLabelCell.xib */,
				631C0C742435212900C06AD2 /* picker.xib */,
				631B45A22438B4A7008F61EB /* segmentCell.xib */,
			);
			path = View;
			sourceTree = "<group>";
		};
		631C0C612434ABA700C06AD2 /* Model */ = {
			isa = PBXGroup;
			children = (
				631C0C762436983A00C06AD2 /* pickerData.swift */,
			);
			path = Model;
			sourceTree = "<group>";
		};
		634608B12459F6E7007F09AB /* Extensions */ = {
			isa = PBXGroup;
			children = (
				634608B22459F71E007F09AB /* PickerLabels.swift */,
			);
			path = Extensions;
			sourceTree = "<group>";
		};
		634B92692423A01400E82F66 /* Routine Editor */ = {
			isa = PBXGroup;
			children = (
				634B926A2423A02000E82F66 /* Model */,
				634B926B2423A02600E82F66 /* View */,
				634B926C2423A02A00E82F66 /* Controller */,
			);
			path = "Routine Editor";
			sourceTree = "<group>";
		};
		634B926A2423A02000E82F66 /* Model */ = {
			isa = PBXGroup;
			children = (
			);
			path = Model;
			sourceTree = "<group>";
		};
		634B926B2423A02600E82F66 /* View */ = {
			isa = PBXGroup;
			children = (
				6317164F242F91AF00BC4F7E /* RoutineEditorView.storyboard */,
			);
			path = View;
			sourceTree = "<group>";
		};
		634B926C2423A02A00E82F66 /* Controller */ = {
			isa = PBXGroup;
			children = (
				634B926D2423A07600E82F66 /* RoutineEditorController.swift */,
				63171651242F991C00BC4F7E /* inputTextCell.swift */,
				63171658242FCC5900BC4F7E /* selectIntervalCell.swift */,
				6317165A242FD65D00BC4F7E /* addNewCycleCell.swift */,
				6317165C242FE87900BC4F7E /* lowHighCell.swift */,
				63B8589224314C7C007FF6AA /* switchCell.swift */,
				631C0C5C2433626F00C06AD2 /* mainCell.swift */,
			);
			path = Controller;
			sourceTree = "<group>";
		};
		634E5CEF242661B40011B9ED /* Player */ = {
			isa = PBXGroup;
			children = (
				634E5CF0242661BE0011B9ED /* Model */,
				634E5CF1242661C40011B9ED /* View */,
				634E5CF2242661CA0011B9ED /* Controller */,
			);
			path = Player;
			sourceTree = "<group>";
		};
		634E5CF0242661BE0011B9ED /* Model */ = {
			isa = PBXGroup;
			children = (
				63B61E7B2427A14200CDAD88 /* PlayerModel.swift */,
			);
			path = Model;
			sourceTree = "<group>";
		};
		634E5CF1242661C40011B9ED /* View */ = {
			isa = PBXGroup;
			children = (
				634E5CFC242668AB0011B9ED /* PlayerView.storyboard */,
			);
			path = View;
			sourceTree = "<group>";
		};
		634E5CF2242661CA0011B9ED /* Controller */ = {
			isa = PBXGroup;
			children = (
				634E5CFA2426689E0011B9ED /* PlayerController.swift */,
				638E96C0242C01C300A8626C /* blank.wav */,
				638E96C3242C04BF00A8626C /* test.aif */,
			);
			path = Controller;
			sourceTree = "<group>";
		};
		634E5CFE2426940B0011B9ED /* Globals */ = {
			isa = PBXGroup;
			children = (
				634E5D01242694190011B9ED /* Model */,
				634E5D00242694150011B9ED /* View */,
				634E5CFF242694100011B9ED /* Controller */,
			);
			path = Globals;
			sourceTree = "<group>";
		};
		634E5CFF242694100011B9ED /* Controller */ = {
			isa = PBXGroup;
			children = (
				634E5D022426944D0011B9ED /* routineTotalTime.swift */,
				63B61E79242788C300CDAD88 /* Globals.swift */,
				63EEB01024412DCB0013B5A6 /* SaveRoutine.swift */,
				63BBDF9D2449067900D1AB69 /* DarkModeEnable.swift */,
				63911E23244E262C009C184A /* Reachability.swift */,
			);
			path = Controller;
			sourceTree = "<group>";
		};
		634E5D00242694150011B9ED /* View */ = {
			isa = PBXGroup;
			children = (
			);
			path = View;
			sourceTree = "<group>";
		};
		634E5D01242694190011B9ED /* Model */ = {
			isa = PBXGroup;
			children = (
				634B9267242391CB00E82F66 /* RoutinesModel.swift */,
			);
			path = Model;
			sourceTree = "<group>";
		};
		63B24DBB2446158E00EC48F3 /* FormSetting */ = {
			isa = PBXGroup;
			children = (
				63BBDFA124490A9A00D1AB69 /* Model */,
				63BBDFA024490A9600D1AB69 /* View */,
				63BBDF9F24490A9000D1AB69 /* Controller */,
			);
			path = FormSetting;
			sourceTree = "<group>";
		};
		63B61E7D2428DA7A00CDAD88 /* Sounds */ = {
			isa = PBXGroup;
			children = (
				63B24DA82445444B00EC48F3 /* Air Horn.mp3 */,
				63B24D9A2445444200EC48F3 /* Alarm.mp3 */,
				63B24DA52445444900EC48F3 /* Bell.mp3 */,
				63B24D9F2445444500EC48F3 /* Church Bell.mp3 */,
				63B24DA12445444600EC48F3 /* Completed.mp3 */,
				63B24D9C2445444300EC48F3 /* Ding.mp3 */,
				63B24DA22445444700EC48F3 /* Foghorn.mp3 */,
				63B24DA02445444500EC48F3 /* Keys Clinging.mp3 */,
				63B24DA32445444700EC48F3 /* Pencil Check.mp3 */,
				63B24DA42445444800EC48F3 /* Phone Vibration.mp3 */,
				63B24DA62445444A00EC48F3 /* Police Siren.mp3 */,
				63B24D9E2445444400EC48F3 /* Train Honk.mp3 */,
				63B24D9B2445444300EC48F3 /* Train Horn.mp3 */,
				63B24D992445444200EC48F3 /* Train Whistle.mp3 */,
				63B24D9D2445444400EC48F3 /* Watch Alarm.mp3 */,
			);
			path = Sounds;
			sourceTree = "<group>";
		};
		63BBDF9F24490A9000D1AB69 /* Controller */ = {
			isa = PBXGroup;
			children = (
				63B24DBE244615DF00EC48F3 /* FormSettingVC.swift */,
			);
			path = Controller;
			sourceTree = "<group>";
		};
		63BBDFA024490A9600D1AB69 /* View */ = {
			isa = PBXGroup;
			children = (
				63B24DBC244615AF00EC48F3 /* FormSettingView.storyboard */,
			);
			path = View;
			sourceTree = "<group>";
		};
		63BBDFA124490A9A00D1AB69 /* Model */ = {
			isa = PBXGroup;
			children = (
				63B24DC024461C1A00EC48F3 /* FormSettingModel.swift */,
			);
			path = Model;
			sourceTree = "<group>";
		};
		63BBDFA224490BC200D1AB69 /* Subscribe */ = {
			isa = PBXGroup;
			children = (
				63BBDFA524490BDA00D1AB69 /* Model */,
				63BBDFA424490BD600D1AB69 /* View */,
				63BBDFA324490BCD00D1AB69 /* Controller */,
			);
			path = Subscribe;
			sourceTree = "<group>";
		};
		63BBDFA324490BCD00D1AB69 /* Controller */ = {
			isa = PBXGroup;
			children = (
				63BBDFA624490BF000D1AB69 /* SubscribeViewController.swift */,
				63BBDFAC2449160500D1AB69 /* NetworkActivityIndicatorManager.swift */,
				63BBDFB0244919A500D1AB69 /* textCellVCTableViewCell.swift */,
				63BBDFB62449FEA700D1AB69 /* SubscribeGlobals.swift */,
				63BBDFBA244A0CF400D1AB69 /* SubscribeCellVC.swift */,
				63911E25244E3E7F009C184A /* SubscribeAlert.swift */,
			);
			path = Controller;
			sourceTree = "<group>";
		};
		63BBDFA424490BD600D1AB69 /* View */ = {
			isa = PBXGroup;
			children = (
				63BBDFA824490BFF00D1AB69 /* SubscribeView.storyboard */,
				63BBDFAE2449192A00D1AB69 /* textCellView.xib */,
				63BBDFB8244A0BA000D1AB69 /* SubscribeCellView.xib */,
			);
			path = View;
			sourceTree = "<group>";
		};
		63BBDFA524490BDA00D1AB69 /* Model */ = {
			isa = PBXGroup;
			children = (
				63BBDFAA2449126B00D1AB69 /* SubscribeModel.swift */,
			);
			path = Model;
			sourceTree = "<group>";
		};
		63BC9A8D2422D2B30010C81F /* Settings */ = {
			isa = PBXGroup;
			children = (
				63BC9A8E2422D2C60010C81F /* Model */,
				63BC9A8F2422D2CD0010C81F /* View */,
				63BC9A902422D2D20010C81F /* Controller */,
			);
			path = Settings;
			sourceTree = "<group>";
		};
		63BC9A8E2422D2C60010C81F /* Model */ = {
			isa = PBXGroup;
			children = (
				63BC9AA92422FD8A0010C81F /* Country.swift */,
			);
			path = Model;
			sourceTree = "<group>";
		};
		63BC9A8F2422D2CD0010C81F /* View */ = {
			isa = PBXGroup;
			children = (
				63BC9A9F2422E8960010C81F /* SettingView.storyboard */,
			);
			path = View;
			sourceTree = "<group>";
		};
		63BC9A902422D2D20010C81F /* Controller */ = {
			isa = PBXGroup;
			children = (
				63BC9AA12422F1B10010C81F /* SettingsController.swift */,
			);
			path = Controller;
			sourceTree = "<group>";
		};
		63BC9AA52422FCE40010C81F /* Routines */ = {
			isa = PBXGroup;
			children = (
				63BC9AA62422FCEA0010C81F /* Model */,
				63BC9AA72422FCEE0010C81F /* View */,
				63BC9AA82422FCF30010C81F /* Controller */,
			);
			path = Routines;
			sourceTree = "<group>";
		};
		63BC9AA62422FCEA0010C81F /* Model */ = {
			isa = PBXGroup;
			children = (
			);
			path = Model;
			sourceTree = "<group>";
		};
		63BC9AA72422FCEE0010C81F /* View */ = {
			isa = PBXGroup;
			children = (
				63C7CCB92422C0B200960513 /* Main.storyboard */,
			);
			path = View;
			sourceTree = "<group>";
		};
		63BC9AA82422FCF30010C81F /* Controller */ = {
			isa = PBXGroup;
			children = (
				63E76E3F2425206700AA6814 /* RoutineCell.swift */,
				63BC9AA32422FAEA0010C81F /* RoutinesController.swift */,
			);
			path = Controller;
			sourceTree = "<group>";
		};
		63C7CCA72422C0B200960513 = {
			isa = PBXGroup;
			children = (
				63C7CCB22422C0B200960513 /* Timer */,
				63C7CCCC2422C0B700960513 /* TimerTests */,
				63C7CCD72422C0B700960513 /* TimerUITests */,
				63C7CCB12422C0B200960513 /* Products */,
				1DC3729AFC98D2FDE0E48DFC /* Pods */,
				781A08CB6422FD562E35FDBB /* Frameworks */,
			);
			sourceTree = "<group>";
		};
		63C7CCB12422C0B200960513 /* Products */ = {
			isa = PBXGroup;
			children = (
				63C7CCB02422C0B200960513 /* Interval Timer.app */,
				63C7CCC92422C0B700960513 /* TimerTests.xctest */,
				63C7CCD42422C0B700960513 /* TimerUITests.xctest */,
			);
			name = Products;
			sourceTree = "<group>";
		};
		63C7CCB22422C0B200960513 /* Timer */ = {
			isa = PBXGroup;
			children = (
				634608B12459F6E7007F09AB /* Extensions */,
				634E5CFE2426940B0011B9ED /* Globals */,
				63B24DBB2446158E00EC48F3 /* FormSetting */,
				63BBDFA224490BC200D1AB69 /* Subscribe */,
				634E5CEF242661B40011B9ED /* Player */,
				63BC9AA52422FCE40010C81F /* Routines */,
				634B92692423A01400E82F66 /* Routine Editor */,
				631C0C5E2434AB8200C06AD2 /* Interval Editor */,
				63C7CCB32422C0B200960513 /* AppDelegate.swift */,
				63C7CCB52422C0B200960513 /* SceneDelegate.swift */,
				63C7CCBF2422C0B700960513 /* Assets.xcassets */,
				63C7CCC12422C0B700960513 /* LaunchScreen.storyboard */,
				63C7CCC42422C0B700960513 /* Info.plist */,
				63C7CCBC2422C0B200960513 /* Timer.xcdatamodeld */,
				63B61E7D2428DA7A00CDAD88 /* Sounds */,
				63BC9A8D2422D2B30010C81F /* Settings */,
			);
			path = Timer;
			sourceTree = "<group>";
		};
		63C7CCCC2422C0B700960513 /* TimerTests */ = {
			isa = PBXGroup;
			children = (
				63C7CCCD2422C0B700960513 /* TimerTests.swift */,
				63C7CCCF2422C0B700960513 /* Info.plist */,
			);
			path = TimerTests;
			sourceTree = "<group>";
		};
		63C7CCD72422C0B700960513 /* TimerUITests */ = {
			isa = PBXGroup;
			children = (
				63C7CCD82422C0B700960513 /* TimerUITests.swift */,
				63C7CCDA2422C0B700960513 /* Info.plist */,
			);
			path = TimerUITests;
			sourceTree = "<group>";
		};
		781A08CB6422FD562E35FDBB /* Frameworks */ = {
			isa = PBXGroup;
			children = (
				6E893264AC50A0A294F2D04D /* Pods_Timer.framework */,
				A5E7E89F825F2BF9852C1448 /* Pods_Timer_TimerUITests.framework */,
				43FC5C97EFD85B66AA8E4E9A /* Pods_TimerTests.framework */,
			);
			name = Frameworks;
			sourceTree = "<group>";
		};
/* End PBXGroup section */

/* Begin PBXNativeTarget section */
		63C7CCAF2422C0B200960513 /* Timer */ = {
			isa = PBXNativeTarget;
			buildConfigurationList = 63C7CCDD2422C0B700960513 /* Build configuration list for PBXNativeTarget "Timer" */;
			buildPhases = (
				87F7E81BCA95D53F110CDBC0 /* [CP] Check Pods Manifest.lock */,
				63C7CCAC2422C0B200960513 /* Sources */,
				63C7CCAD2422C0B200960513 /* Frameworks */,
				63C7CCAE2422C0B200960513 /* Resources */,
				D105C3169D7156E7303F0291 /* [CP] Embed Pods Frameworks */,
			);
			buildRules = (
			);
			dependencies = (
			);
			name = Timer;
			productName = Timer;
			productReference = 63C7CCB02422C0B200960513 /* Interval Timer.app */;
			productType = "com.apple.product-type.application";
		};
		63C7CCC82422C0B700960513 /* TimerTests */ = {
			isa = PBXNativeTarget;
			buildConfigurationList = 63C7CCE02422C0B700960513 /* Build configuration list for PBXNativeTarget "TimerTests" */;
			buildPhases = (
				6A0DDC453B014B837FCDDB6D /* [CP] Check Pods Manifest.lock */,
				63C7CCC52422C0B700960513 /* Sources */,
				63C7CCC62422C0B700960513 /* Frameworks */,
				63C7CCC72422C0B700960513 /* Resources */,
			);
			buildRules = (
			);
			dependencies = (
				63C7CCCB2422C0B700960513 /* PBXTargetDependency */,
			);
			name = TimerTests;
			productName = TimerTests;
			productReference = 63C7CCC92422C0B700960513 /* TimerTests.xctest */;
			productType = "com.apple.product-type.bundle.unit-test";
		};
		63C7CCD32422C0B700960513 /* TimerUITests */ = {
			isa = PBXNativeTarget;
			buildConfigurationList = 63C7CCE32422C0B700960513 /* Build configuration list for PBXNativeTarget "TimerUITests" */;
			buildPhases = (
				18C7A8FCDF48400C35798BC4 /* [CP] Check Pods Manifest.lock */,
				63C7CCD02422C0B700960513 /* Sources */,
				63C7CCD12422C0B700960513 /* Frameworks */,
				63C7CCD22422C0B700960513 /* Resources */,
				A92DAC47B86BD1FE27EB2E04 /* [CP] Embed Pods Frameworks */,
			);
			buildRules = (
			);
			dependencies = (
				63C7CCD62422C0B700960513 /* PBXTargetDependency */,
			);
			name = TimerUITests;
			productName = TimerUITests;
			productReference = 63C7CCD42422C0B700960513 /* TimerUITests.xctest */;
			productType = "com.apple.product-type.bundle.ui-testing";
		};
/* End PBXNativeTarget section */

/* Begin PBXProject section */
		63C7CCA82422C0B200960513 /* Project object */ = {
			isa = PBXProject;
			attributes = {
				LastSwiftUpdateCheck = 1130;
				LastUpgradeCheck = 1130;
				ORGANIZATIONNAME = "David Blatt";
				TargetAttributes = {
					63C7CCAF2422C0B200960513 = {
						CreatedOnToolsVersion = 11.3.1;
					};
					63C7CCC82422C0B700960513 = {
						CreatedOnToolsVersion = 11.3.1;
						TestTargetID = 63C7CCAF2422C0B200960513;
					};
					63C7CCD32422C0B700960513 = {
						CreatedOnToolsVersion = 11.3.1;
						TestTargetID = 63C7CCAF2422C0B200960513;
					};
				};
			};
			buildConfigurationList = 63C7CCAB2422C0B200960513 /* Build configuration list for PBXProject "Timer" */;
			compatibilityVersion = "Xcode 9.3";
			developmentRegion = en;
			hasScannedForEncodings = 0;
			knownRegions = (
				en,
				Base,
			);
			mainGroup = 63C7CCA72422C0B200960513;
			productRefGroup = 63C7CCB12422C0B200960513 /* Products */;
			projectDirPath = "";
			projectRoot = "";
			targets = (
				63C7CCAF2422C0B200960513 /* Timer */,
				63C7CCC82422C0B700960513 /* TimerTests */,
				63C7CCD32422C0B700960513 /* TimerUITests */,
			);
		};
/* End PBXProject section */

/* Begin PBXResourcesBuildPhase section */
		63C7CCAE2422C0B200960513 /* Resources */ = {
			isa = PBXResourcesBuildPhase;
			buildActionMask = 2147483647;
			files = (
				63B24DB22445444B00EC48F3 /* Foghorn.mp3 in Resources */,
				63C7CCC32422C0B700960513 /* LaunchScreen.storyboard in Resources */,
				63B24DAB2445444B00EC48F3 /* Train Horn.mp3 in Resources */,
				63BBDFB9244A0BA000D1AB69 /* SubscribeCellView.xib in Resources */,
				638E96C1242C01C300A8626C /* blank.wav in Resources */,
				631C0C672434AD1700C06AD2 /* basicLabelCell.xib in Resources */,
				63B24DB82445444C00EC48F3 /* Air Horn.mp3 in Resources */,
				63C7CCC02422C0B700960513 /* Assets.xcassets in Resources */,
				63B24DAF2445444B00EC48F3 /* Church Bell.mp3 in Resources */,
				63B24DAE2445444B00EC48F3 /* Train Honk.mp3 in Resources */,
				63B24DB52445444B00EC48F3 /* Bell.mp3 in Resources */,
				631C0C752435212900C06AD2 /* picker.xib in Resources */,
				63C7CCBB2422C0B200960513 /* Main.storyboard in Resources */,
				63B24DAA2445444B00EC48F3 /* Alarm.mp3 in Resources */,
				631C0C6D2434B53500C06AD2 /* selectColorCell.xib in Resources */,
				63B24DA92445444B00EC48F3 /* Train Whistle.mp3 in Resources */,
				63B24DBD244615AF00EC48F3 /* FormSettingView.storyboard in Resources */,
				63B24DB42445444B00EC48F3 /* Phone Vibration.mp3 in Resources */,
				63B24DB02445444B00EC48F3 /* Keys Clinging.mp3 in Resources */,
				634E5CFD242668AB0011B9ED /* PlayerView.storyboard in Resources */,
				63B24DB32445444B00EC48F3 /* Pencil Check.mp3 in Resources */,
				63171650242F91AF00BC4F7E /* RoutineEditorView.storyboard in Resources */,
				63B24DB62445444C00EC48F3 /* Police Siren.mp3 in Resources */,
				631B45A32438B4A7008F61EB /* segmentCell.xib in Resources */,
				63BBDFAF2449192A00D1AB69 /* textCellView.xib in Resources */,
				63BC9AA02422E8960010C81F /* SettingView.storyboard in Resources */,
				63B24DAC2445444B00EC48F3 /* Ding.mp3 in Resources */,
				63B24DB12445444B00EC48F3 /* Completed.mp3 in Resources */,
				631C0C652434ABF700C06AD2 /* IntervalEditorVC.storyboard in Resources */,
				631C0C712434EC6400C06AD2 /* basicRightLabelCell.xib in Resources */,
				63BBDFA924490BFF00D1AB69 /* SubscribeView.storyboard in Resources */,
				63B24DAD2445444B00EC48F3 /* Watch Alarm.mp3 in Resources */,
			);
			runOnlyForDeploymentPostprocessing = 0;
		};
		63C7CCC72422C0B700960513 /* Resources */ = {
			isa = PBXResourcesBuildPhase;
			buildActionMask = 2147483647;
			files = (
			);
			runOnlyForDeploymentPostprocessing = 0;
		};
		63C7CCD22422C0B700960513 /* Resources */ = {
			isa = PBXResourcesBuildPhase;
			buildActionMask = 2147483647;
			files = (
			);
			runOnlyForDeploymentPostprocessing = 0;
		};
/* End PBXResourcesBuildPhase section */

/* Begin PBXShellScriptBuildPhase section */
		18C7A8FCDF48400C35798BC4 /* [CP] Check Pods Manifest.lock */ = {
			isa = PBXShellScriptBuildPhase;
			buildActionMask = 2147483647;
			files = (
			);
			inputFileListPaths = (
			);
			inputPaths = (
				"${PODS_PODFILE_DIR_PATH}/Podfile.lock",
				"${PODS_ROOT}/Manifest.lock",
			);
			name = "[CP] Check Pods Manifest.lock";
			outputFileListPaths = (
			);
			outputPaths = (
				"$(DERIVED_FILE_DIR)/Pods-Timer-TimerUITests-checkManifestLockResult.txt",
			);
			runOnlyForDeploymentPostprocessing = 0;
			shellPath = /bin/sh;
			shellScript = "diff \"${PODS_PODFILE_DIR_PATH}/Podfile.lock\" \"${PODS_ROOT}/Manifest.lock\" > /dev/null\nif [ $? != 0 ] ; then\n    # print error to STDERR\n    echo \"error: The sandbox is not in sync with the Podfile.lock. Run 'pod install' or update your CocoaPods installation.\" >&2\n    exit 1\nfi\n# This output is used by Xcode 'outputs' to avoid re-running this script phase.\necho \"SUCCESS\" > \"${SCRIPT_OUTPUT_FILE_0}\"\n";
			showEnvVarsInLog = 0;
		};
		6A0DDC453B014B837FCDDB6D /* [CP] Check Pods Manifest.lock */ = {
			isa = PBXShellScriptBuildPhase;
			buildActionMask = 2147483647;
			files = (
			);
			inputFileListPaths = (
			);
			inputPaths = (
				"${PODS_PODFILE_DIR_PATH}/Podfile.lock",
				"${PODS_ROOT}/Manifest.lock",
			);
			name = "[CP] Check Pods Manifest.lock";
			outputFileListPaths = (
			);
			outputPaths = (
				"$(DERIVED_FILE_DIR)/Pods-TimerTests-checkManifestLockResult.txt",
			);
			runOnlyForDeploymentPostprocessing = 0;
			shellPath = /bin/sh;
			shellScript = "diff \"${PODS_PODFILE_DIR_PATH}/Podfile.lock\" \"${PODS_ROOT}/Manifest.lock\" > /dev/null\nif [ $? != 0 ] ; then\n    # print error to STDERR\n    echo \"error: The sandbox is not in sync with the Podfile.lock. Run 'pod install' or update your CocoaPods installation.\" >&2\n    exit 1\nfi\n# This output is used by Xcode 'outputs' to avoid re-running this script phase.\necho \"SUCCESS\" > \"${SCRIPT_OUTPUT_FILE_0}\"\n";
			showEnvVarsInLog = 0;
		};
		87F7E81BCA95D53F110CDBC0 /* [CP] Check Pods Manifest.lock */ = {
			isa = PBXShellScriptBuildPhase;
			buildActionMask = 2147483647;
			files = (
			);
			inputFileListPaths = (
			);
			inputPaths = (
				"${PODS_PODFILE_DIR_PATH}/Podfile.lock",
				"${PODS_ROOT}/Manifest.lock",
			);
			name = "[CP] Check Pods Manifest.lock";
			outputFileListPaths = (
			);
			outputPaths = (
				"$(DERIVED_FILE_DIR)/Pods-Timer-checkManifestLockResult.txt",
			);
			runOnlyForDeploymentPostprocessing = 0;
			shellPath = /bin/sh;
			shellScript = "diff \"${PODS_PODFILE_DIR_PATH}/Podfile.lock\" \"${PODS_ROOT}/Manifest.lock\" > /dev/null\nif [ $? != 0 ] ; then\n    # print error to STDERR\n    echo \"error: The sandbox is not in sync with the Podfile.lock. Run 'pod install' or update your CocoaPods installation.\" >&2\n    exit 1\nfi\n# This output is used by Xcode 'outputs' to avoid re-running this script phase.\necho \"SUCCESS\" > \"${SCRIPT_OUTPUT_FILE_0}\"\n";
			showEnvVarsInLog = 0;
		};
		A92DAC47B86BD1FE27EB2E04 /* [CP] Embed Pods Frameworks */ = {
			isa = PBXShellScriptBuildPhase;
			buildActionMask = 2147483647;
			files = (
			);
			inputFileListPaths = (
				"${PODS_ROOT}/Target Support Files/Pods-Timer-TimerUITests/Pods-Timer-TimerUITests-frameworks-${CONFIGURATION}-input-files.xcfilelist",
			);
			name = "[CP] Embed Pods Frameworks";
			outputFileListPaths = (
				"${PODS_ROOT}/Target Support Files/Pods-Timer-TimerUITests/Pods-Timer-TimerUITests-frameworks-${CONFIGURATION}-output-files.xcfilelist",
			);
			runOnlyForDeploymentPostprocessing = 0;
			shellPath = /bin/sh;
			shellScript = "\"${PODS_ROOT}/Target Support Files/Pods-Timer-TimerUITests/Pods-Timer-TimerUITests-frameworks.sh\"\n";
			showEnvVarsInLog = 0;
		};
		D105C3169D7156E7303F0291 /* [CP] Embed Pods Frameworks */ = {
			isa = PBXShellScriptBuildPhase;
			buildActionMask = 2147483647;
			files = (
			);
			inputFileListPaths = (
				"${PODS_ROOT}/Target Support Files/Pods-Timer/Pods-Timer-frameworks-${CONFIGURATION}-input-files.xcfilelist",
			);
			name = "[CP] Embed Pods Frameworks";
			outputFileListPaths = (
				"${PODS_ROOT}/Target Support Files/Pods-Timer/Pods-Timer-frameworks-${CONFIGURATION}-output-files.xcfilelist",
			);
			runOnlyForDeploymentPostprocessing = 0;
			shellPath = /bin/sh;
			shellScript = "\"${PODS_ROOT}/Target Support Files/Pods-Timer/Pods-Timer-frameworks.sh\"\n";
			showEnvVarsInLog = 0;
		};
/* End PBXShellScriptBuildPhase section */

/* Begin PBXSourcesBuildPhase section */
		63C7CCAC2422C0B200960513 /* Sources */ = {
			isa = PBXSourcesBuildPhase;
			buildActionMask = 2147483647;
			files = (
				6317165D242FE87900BC4F7E /* lowHighCell.swift in Sources */,
				631C0C6C2434B53500C06AD2 /* selectColorCell.swift in Sources */,
				63911E24244E262C009C184A /* Reachability.swift in Sources */,
				63B24DC124461C1A00EC48F3 /* FormSettingModel.swift in Sources */,
				63BBDFBB244A0CF400D1AB69 /* SubscribeCellVC.swift in Sources */,
				63B24DBF244615DF00EC48F3 /* FormSettingVC.swift in Sources */,
				63BC9AA22422F1B10010C81F /* SettingsController.swift in Sources */,
				63BC9AA42422FAEA0010C81F /* RoutinesController.swift in Sources */,
				634E5CFB2426689E0011B9ED /* PlayerController.swift in Sources */,
				63EEB01124412DCB0013B5A6 /* SaveRoutine.swift in Sources */,
				6317165B242FD65D00BC4F7E /* addNewCycleCell.swift in Sources */,
				63BBDFB72449FEA700D1AB69 /* SubscribeGlobals.swift in Sources */,
				63BBDFAD2449160500D1AB69 /* NetworkActivityIndicatorManager.swift in Sources */,
				63C7CCB42422C0B200960513 /* AppDelegate.swift in Sources */,
				634608B32459F71E007F09AB /* PickerLabels.swift in Sources */,
				631C0C702434EC6400C06AD2 /* basicRightLabelCell.swift in Sources */,
				634B926E2423A07600E82F66 /* RoutineEditorController.swift in Sources */,
				631C0C5D2433626F00C06AD2 /* mainCell.swift in Sources */,
				63C7CCB62422C0B200960513 /* SceneDelegate.swift in Sources */,
				63B61E7C2427A14200CDAD88 /* PlayerModel.swift in Sources */,
				63B61E7A242788C300CDAD88 /* Globals.swift in Sources */,
				63BBDFB1244919A500D1AB69 /* textCellVCTableViewCell.swift in Sources */,
				631C0C73243520F900C06AD2 /* picker.swift in Sources */,
				631C0C692434AD3200C06AD2 /* basicLabelCell.swift in Sources */,
				63BBDFA724490BF000D1AB69 /* SubscribeViewController.swift in Sources */,
				631B45A12438B46E008F61EB /* segmentController.swift in Sources */,
				63BBDFAB2449126B00D1AB69 /* SubscribeModel.swift in Sources */,
				63E76E402425206700AA6814 /* RoutineCell.swift in Sources */,
				631C0C772436983A00C06AD2 /* pickerData.swift in Sources */,
				63911E26244E3E7F009C184A /* SubscribeAlert.swift in Sources */,
				631C0C7A24369A8900C06AD2 /* soundPicker.swift in Sources */,
				634B9268242391CB00E82F66 /* RoutinesModel.swift in Sources */,
				63171659242FCC5900BC4F7E /* selectIntervalCell.swift in Sources */,
				63BC9AAA2422FD8A0010C81F /* Country.swift in Sources */,
				63171652242F991C00BC4F7E /* inputTextCell.swift in Sources */,
				63B8589324314C7C007FF6AA /* switchCell.swift in Sources */,
				63C7CCBE2422C0B200960513 /* Timer.xcdatamodeld in Sources */,
				63BBDF9E2449067900D1AB69 /* DarkModeEnable.swift in Sources */,
				631C0C632434ABC700C06AD2 /* IntervalEditorVC.swift in Sources */,
				634E5D032426944D0011B9ED /* routineTotalTime.swift in Sources */,
			);
			runOnlyForDeploymentPostprocessing = 0;
		};
		63C7CCC52422C0B700960513 /* Sources */ = {
			isa = PBXSourcesBuildPhase;
			buildActionMask = 2147483647;
			files = (
				63C7CCCE2422C0B700960513 /* TimerTests.swift in Sources */,
			);
			runOnlyForDeploymentPostprocessing = 0;
		};
		63C7CCD02422C0B700960513 /* Sources */ = {
			isa = PBXSourcesBuildPhase;
			buildActionMask = 2147483647;
			files = (
				63C7CCD92422C0B700960513 /* TimerUITests.swift in Sources */,
			);
			runOnlyForDeploymentPostprocessing = 0;
		};
/* End PBXSourcesBuildPhase section */

/* Begin PBXTargetDependency section */
		63C7CCCB2422C0B700960513 /* PBXTargetDependency */ = {
			isa = PBXTargetDependency;
			target = 63C7CCAF2422C0B200960513 /* Timer */;
			targetProxy = 63C7CCCA2422C0B700960513 /* PBXContainerItemProxy */;
		};
		63C7CCD62422C0B700960513 /* PBXTargetDependency */ = {
			isa = PBXTargetDependency;
			target = 63C7CCAF2422C0B200960513 /* Timer */;
			targetProxy = 63C7CCD52422C0B700960513 /* PBXContainerItemProxy */;
		};
/* End PBXTargetDependency section */

/* Begin PBXVariantGroup section */
		63C7CCB92422C0B200960513 /* Main.storyboard */ = {
			isa = PBXVariantGroup;
			children = (
				63C7CCBA2422C0B200960513 /* Base */,
			);
			name = Main.storyboard;
			sourceTree = "<group>";
		};
		63C7CCC12422C0B700960513 /* LaunchScreen.storyboard */ = {
			isa = PBXVariantGroup;
			children = (
				63C7CCC22422C0B700960513 /* Base */,
			);
			name = LaunchScreen.storyboard;
			sourceTree = "<group>";
		};
/* End PBXVariantGroup section */

/* Begin XCBuildConfiguration section */
		63C7CCDB2422C0B700960513 /* Debug */ = {
			isa = XCBuildConfiguration;
			buildSettings = {
				ALWAYS_SEARCH_USER_PATHS = NO;
				CLANG_ANALYZER_NONNULL = YES;
				CLANG_ANALYZER_NUMBER_OBJECT_CONVERSION = YES_AGGRESSIVE;
				CLANG_CXX_LANGUAGE_STANDARD = "gnu++14";
				CLANG_CXX_LIBRARY = "libc++";
				CLANG_ENABLE_MODULES = YES;
				CLANG_ENABLE_OBJC_ARC = YES;
				CLANG_ENABLE_OBJC_WEAK = YES;
				CLANG_WARN_BLOCK_CAPTURE_AUTORELEASING = YES;
				CLANG_WARN_BOOL_CONVERSION = YES;
				CLANG_WARN_COMMA = YES;
				CLANG_WARN_CONSTANT_CONVERSION = YES;
				CLANG_WARN_DEPRECATED_OBJC_IMPLEMENTATIONS = YES;
				CLANG_WARN_DIRECT_OBJC_ISA_USAGE = YES_ERROR;
				CLANG_WARN_DOCUMENTATION_COMMENTS = YES;
				CLANG_WARN_EMPTY_BODY = YES;
				CLANG_WARN_ENUM_CONVERSION = YES;
				CLANG_WARN_INFINITE_RECURSION = YES;
				CLANG_WARN_INT_CONVERSION = YES;
				CLANG_WARN_NON_LITERAL_NULL_CONVERSION = YES;
				CLANG_WARN_OBJC_IMPLICIT_RETAIN_SELF = YES;
				CLANG_WARN_OBJC_LITERAL_CONVERSION = YES;
				CLANG_WARN_OBJC_ROOT_CLASS = YES_ERROR;
				CLANG_WARN_RANGE_LOOP_ANALYSIS = YES;
				CLANG_WARN_STRICT_PROTOTYPES = YES;
				CLANG_WARN_SUSPICIOUS_MOVE = YES;
				CLANG_WARN_UNGUARDED_AVAILABILITY = YES_AGGRESSIVE;
				CLANG_WARN_UNREACHABLE_CODE = YES;
				CLANG_WARN__DUPLICATE_METHOD_MATCH = YES;
				COPY_PHASE_STRIP = NO;
				DEBUG_INFORMATION_FORMAT = dwarf;
				ENABLE_STRICT_OBJC_MSGSEND = YES;
				ENABLE_TESTABILITY = YES;
				GCC_C_LANGUAGE_STANDARD = gnu11;
				GCC_DYNAMIC_NO_PIC = NO;
				GCC_NO_COMMON_BLOCKS = YES;
				GCC_OPTIMIZATION_LEVEL = 0;
				GCC_PREPROCESSOR_DEFINITIONS = (
					"DEBUG=1",
					"$(inherited)",
				);
				GCC_WARN_64_TO_32_BIT_CONVERSION = YES;
				GCC_WARN_ABOUT_RETURN_TYPE = YES_ERROR;
				GCC_WARN_UNDECLARED_SELECTOR = YES;
				GCC_WARN_UNINITIALIZED_AUTOS = YES_AGGRESSIVE;
				GCC_WARN_UNUSED_FUNCTION = YES;
				GCC_WARN_UNUSED_VARIABLE = YES;
				IPHONEOS_DEPLOYMENT_TARGET = 13.2;
				MTL_ENABLE_DEBUG_INFO = INCLUDE_SOURCE;
				MTL_FAST_MATH = YES;
				ONLY_ACTIVE_ARCH = YES;
				SDKROOT = iphoneos;
				SWIFT_ACTIVE_COMPILATION_CONDITIONS = DEBUG;
				SWIFT_OPTIMIZATION_LEVEL = "-Onone";
			};
			name = Debug;
		};
		63C7CCDC2422C0B700960513 /* Release */ = {
			isa = XCBuildConfiguration;
			buildSettings = {
				ALWAYS_SEARCH_USER_PATHS = NO;
				CLANG_ANALYZER_NONNULL = YES;
				CLANG_ANALYZER_NUMBER_OBJECT_CONVERSION = YES_AGGRESSIVE;
				CLANG_CXX_LANGUAGE_STANDARD = "gnu++14";
				CLANG_CXX_LIBRARY = "libc++";
				CLANG_ENABLE_MODULES = YES;
				CLANG_ENABLE_OBJC_ARC = YES;
				CLANG_ENABLE_OBJC_WEAK = YES;
				CLANG_WARN_BLOCK_CAPTURE_AUTORELEASING = YES;
				CLANG_WARN_BOOL_CONVERSION = YES;
				CLANG_WARN_COMMA = YES;
				CLANG_WARN_CONSTANT_CONVERSION = YES;
				CLANG_WARN_DEPRECATED_OBJC_IMPLEMENTATIONS = YES;
				CLANG_WARN_DIRECT_OBJC_ISA_USAGE = YES_ERROR;
				CLANG_WARN_DOCUMENTATION_COMMENTS = YES;
				CLANG_WARN_EMPTY_BODY = YES;
				CLANG_WARN_ENUM_CONVERSION = YES;
				CLANG_WARN_INFINITE_RECURSION = YES;
				CLANG_WARN_INT_CONVERSION = YES;
				CLANG_WARN_NON_LITERAL_NULL_CONVERSION = YES;
				CLANG_WARN_OBJC_IMPLICIT_RETAIN_SELF = YES;
				CLANG_WARN_OBJC_LITERAL_CONVERSION = YES;
				CLANG_WARN_OBJC_ROOT_CLASS = YES_ERROR;
				CLANG_WARN_RANGE_LOOP_ANALYSIS = YES;
				CLANG_WARN_STRICT_PROTOTYPES = YES;
				CLANG_WARN_SUSPICIOUS_MOVE = YES;
				CLANG_WARN_UNGUARDED_AVAILABILITY = YES_AGGRESSIVE;
				CLANG_WARN_UNREACHABLE_CODE = YES;
				CLANG_WARN__DUPLICATE_METHOD_MATCH = YES;
				COPY_PHASE_STRIP = NO;
				DEBUG_INFORMATION_FORMAT = "dwarf-with-dsym";
				ENABLE_NS_ASSERTIONS = NO;
				ENABLE_STRICT_OBJC_MSGSEND = YES;
				GCC_C_LANGUAGE_STANDARD = gnu11;
				GCC_NO_COMMON_BLOCKS = YES;
				GCC_WARN_64_TO_32_BIT_CONVERSION = YES;
				GCC_WARN_ABOUT_RETURN_TYPE = YES_ERROR;
				GCC_WARN_UNDECLARED_SELECTOR = YES;
				GCC_WARN_UNINITIALIZED_AUTOS = YES_AGGRESSIVE;
				GCC_WARN_UNUSED_FUNCTION = YES;
				GCC_WARN_UNUSED_VARIABLE = YES;
				IPHONEOS_DEPLOYMENT_TARGET = 13.2;
				MTL_ENABLE_DEBUG_INFO = NO;
				MTL_FAST_MATH = YES;
				SDKROOT = iphoneos;
				SWIFT_COMPILATION_MODE = wholemodule;
				SWIFT_OPTIMIZATION_LEVEL = "-O";
				VALIDATE_PRODUCT = YES;
			};
			name = Release;
		};
		63C7CCDE2422C0B700960513 /* Debug */ = {
			isa = XCBuildConfiguration;
			baseConfigurationReference = A7410C30DD56E76FE702495A /* Pods-Timer.debug.xcconfig */;
			buildSettings = {
				ASSETCATALOG_COMPILER_APPICON_NAME = AppIcon;
				CODE_SIGN_STYLE = Automatic;
				CURRENT_PROJECT_VERSION = 1.81;
				DEVELOPMENT_TEAM = S7TFM23263;
				INFOPLIST_FILE = Timer/Info.plist;
				IPHONEOS_DEPLOYMENT_TARGET = 10.0;
				LD_RUNPATH_SEARCH_PATHS = (
					"$(inherited)",
					"@executable_path/Frameworks",
				);
				MARKETING_VERSION = 1.81;
				PRODUCT_BUNDLE_IDENTIFIER = db.Timer;
				PRODUCT_NAME = "Interval Timer";
				SWIFT_VERSION = 5.0;
				TARGETED_DEVICE_FAMILY = "1,2";
			};
			name = Debug;
		};
		63C7CCDF2422C0B700960513 /* Release */ = {
			isa = XCBuildConfiguration;
			baseConfigurationReference = 5B931BB92E8FCFA1ED956800 /* Pods-Timer.release.xcconfig */;
			buildSettings = {
				ASSETCATALOG_COMPILER_APPICON_NAME = AppIcon;
				CODE_SIGN_STYLE = Automatic;
				CURRENT_PROJECT_VERSION = 1.81;
				DEVELOPMENT_TEAM = S7TFM23263;
				INFOPLIST_FILE = Timer/Info.plist;
				IPHONEOS_DEPLOYMENT_TARGET = 10.0;
				LD_RUNPATH_SEARCH_PATHS = (
					"$(inherited)",
					"@executable_path/Frameworks",
				);
				MARKETING_VERSION = 1.81;
				PRODUCT_BUNDLE_IDENTIFIER = db.Timer;
				PRODUCT_NAME = "Interval Timer";
				SWIFT_VERSION = 5.0;
				TARGETED_DEVICE_FAMILY = "1,2";
			};
			name = Release;
		};
		63C7CCE12422C0B700960513 /* Debug */ = {
			isa = XCBuildConfiguration;
			baseConfigurationReference = F86F9CEA59E4931E17E97FAF /* Pods-TimerTests.debug.xcconfig */;
			buildSettings = {
				ALWAYS_EMBED_SWIFT_STANDARD_LIBRARIES = YES;
				BUNDLE_LOADER = "$(TEST_HOST)";
				CODE_SIGN_STYLE = Automatic;
				DEVELOPMENT_TEAM = S7TFM23263;
				INFOPLIST_FILE = TimerTests/Info.plist;
				IPHONEOS_DEPLOYMENT_TARGET = 13.2;
				LD_RUNPATH_SEARCH_PATHS = (
					"$(inherited)",
					"@executable_path/Frameworks",
					"@loader_path/Frameworks",
				);
				PRODUCT_BUNDLE_IDENTIFIER = db.TimerTests;
				PRODUCT_NAME = "$(TARGET_NAME)";
				SWIFT_VERSION = 5.0;
				TARGETED_DEVICE_FAMILY = "1,2";
				TEST_HOST = "$(BUILT_PRODUCTS_DIR)/Timer.app/Timer";
			};
			name = Debug;
		};
		63C7CCE22422C0B700960513 /* Release */ = {
			isa = XCBuildConfiguration;
			baseConfigurationReference = 01542F25AF983431D699ECD2 /* Pods-TimerTests.release.xcconfig */;
			buildSettings = {
				ALWAYS_EMBED_SWIFT_STANDARD_LIBRARIES = YES;
				BUNDLE_LOADER = "$(TEST_HOST)";
				CODE_SIGN_STYLE = Automatic;
				DEVELOPMENT_TEAM = S7TFM23263;
				INFOPLIST_FILE = TimerTests/Info.plist;
				IPHONEOS_DEPLOYMENT_TARGET = 13.2;
				LD_RUNPATH_SEARCH_PATHS = (
					"$(inherited)",
					"@executable_path/Frameworks",
					"@loader_path/Frameworks",
				);
				PRODUCT_BUNDLE_IDENTIFIER = db.TimerTests;
				PRODUCT_NAME = "$(TARGET_NAME)";
				SWIFT_VERSION = 5.0;
				TARGETED_DEVICE_FAMILY = "1,2";
				TEST_HOST = "$(BUILT_PRODUCTS_DIR)/Timer.app/Timer";
			};
			name = Release;
		};
		63C7CCE42422C0B700960513 /* Debug */ = {
			isa = XCBuildConfiguration;
			baseConfigurationReference = D800E09DACF661C297CB82F3 /* Pods-Timer-TimerUITests.debug.xcconfig */;
			buildSettings = {
				ALWAYS_EMBED_SWIFT_STANDARD_LIBRARIES = YES;
				CODE_SIGN_STYLE = Automatic;
				DEVELOPMENT_TEAM = S7TFM23263;
				INFOPLIST_FILE = TimerUITests/Info.plist;
				LD_RUNPATH_SEARCH_PATHS = (
					"$(inherited)",
					"@executable_path/Frameworks",
					"@loader_path/Frameworks",
				);
				PRODUCT_BUNDLE_IDENTIFIER = db.TimerUITests;
				PRODUCT_NAME = "$(TARGET_NAME)";
				SWIFT_VERSION = 5.0;
				TARGETED_DEVICE_FAMILY = "1,2";
				TEST_TARGET_NAME = Timer;
			};
			name = Debug;
		};
		63C7CCE52422C0B700960513 /* Release */ = {
			isa = XCBuildConfiguration;
			baseConfigurationReference = 18133236CC651C4F17A218CD /* Pods-Timer-TimerUITests.release.xcconfig */;
			buildSettings = {
				ALWAYS_EMBED_SWIFT_STANDARD_LIBRARIES = YES;
				CODE_SIGN_STYLE = Automatic;
				DEVELOPMENT_TEAM = S7TFM23263;
				INFOPLIST_FILE = TimerUITests/Info.plist;
				LD_RUNPATH_SEARCH_PATHS = (
					"$(inherited)",
					"@executable_path/Frameworks",
					"@loader_path/Frameworks",
				);
				PRODUCT_BUNDLE_IDENTIFIER = db.TimerUITests;
				PRODUCT_NAME = "$(TARGET_NAME)";
				SWIFT_VERSION = 5.0;
				TARGETED_DEVICE_FAMILY = "1,2";
				TEST_TARGET_NAME = Timer;
			};
			name = Release;
		};
/* End XCBuildConfiguration section */

/* Begin XCConfigurationList section */
		63C7CCAB2422C0B200960513 /* Build configuration list for PBXProject "Timer" */ = {
			isa = XCConfigurationList;
			buildConfigurations = (
				63C7CCDB2422C0B700960513 /* Debug */,
				63C7CCDC2422C0B700960513 /* Release */,
			);
			defaultConfigurationIsVisible = 0;
			defaultConfigurationName = Release;
		};
		63C7CCDD2422C0B700960513 /* Build configuration list for PBXNativeTarget "Timer" */ = {
			isa = XCConfigurationList;
			buildConfigurations = (
				63C7CCDE2422C0B700960513 /* Debug */,
				63C7CCDF2422C0B700960513 /* Release */,
			);
			defaultConfigurationIsVisible = 0;
			defaultConfigurationName = Release;
		};
		63C7CCE02422C0B700960513 /* Build configuration list for PBXNativeTarget "TimerTests" */ = {
			isa = XCConfigurationList;
			buildConfigurations = (
				63C7CCE12422C0B700960513 /* Debug */,
				63C7CCE22422C0B700960513 /* Release */,
			);
			defaultConfigurationIsVisible = 0;
			defaultConfigurationName = Release;
		};
		63C7CCE32422C0B700960513 /* Build configuration list for PBXNativeTarget "TimerUITests" */ = {
			isa = XCConfigurationList;
			buildConfigurations = (
				63C7CCE42422C0B700960513 /* Debug */,
				63C7CCE52422C0B700960513 /* Release */,
			);
			defaultConfigurationIsVisible = 0;
			defaultConfigurationName = Release;
		};
/* End XCConfigurationList section */

/* Begin XCVersionGroup section */
		63C7CCBC2422C0B200960513 /* Timer.xcdatamodeld */ = {
			isa = XCVersionGroup;
			children = (
				63DCE2EE2451B87800DDDDA6 /* Timer2.xcdatamodel */,
				63C7CCBD2422C0B200960513 /* Timer.xcdatamodel */,
			);
			currentVersion = 63C7CCBD2422C0B200960513 /* Timer.xcdatamodel */;
			path = Timer.xcdatamodeld;
			sourceTree = "<group>";
			versionGroupType = wrapper.xcdatamodel;
		};
/* End XCVersionGroup section */
	};
	rootObject = 63C7CCA82422C0B200960513 /* Project object */;
}
