PODS:
  - SRCountdownTimer (1.1)
  - SwiftReorder (7.2.0)

DEPENDENCIES:
  - SRCountdownTimer
  - SwiftReorder (~> 7.2)

SPEC REPOS:
  trunk:
    - SRCountdownTimer
    - SwiftReorder

SPEC CHECKSUMS:
  SRCountdownTimer: 9c92e444b5403c92f01dd6610299b8c634bc8562
  SwiftReorder: d687883abf5f2327268e006b038025a6fc515e34

PODFILE CHECKSUM: 38d6bbbc34190e9352ee420ed1cface5f083e6f5

COCOAPODS: 1.9.1
